// !$*UTF8*$!
{
	archiveVersion = 1;
	classes = {
	};
	objectVersion = 46;
	objects = {

/* Begin PBXBuildFile section */
		AF04A3641CD1C13A00B8B5ED /* main.m in Sources */ = {isa = PBXBuildFile; fileRef = AF04A3631CD1C13A00B8B5ED /* main.m */; };
		AF04A3671CD1C13A00B8B5ED /* AppDelegate.m in Sources */ = {isa = PBXBuildFile; fileRef = AF04A3661CD1C13A00B8B5ED /* AppDelegate.m */; };
		AF04A3691CD1C13A00B8B5ED /* Assets.xcassets in Resources */ = {isa = PBXBuildFile; fileRef = AF04A3681CD1C13A00B8B5ED /* Assets.xcassets */; };
		AF04A36C1CD1C13A00B8B5ED /* LaunchScreen.storyboard in Resources */ = {isa = PBXBuildFile; fileRef = AF04A36A1CD1C13A00B8B5ED /* LaunchScreen.storyboard */; };
		AF04A3771CD1C13B00B8B5ED /* RepositoryDemoTests.m in Sources */ = {isa = PBXBuildFile; fileRef = AF04A3761CD1C13B00B8B5ED /* RepositoryDemoTests.m */; };
		AF04A3821CD1C13B00B8B5ED /* RepositoryDemoUITests.m in Sources */ = {isa = PBXBuildFile; fileRef = AF04A3811CD1C13B00B8B5ED /* RepositoryDemoUITests.m */; };
/* End PBXBuildFile section */

/* Begin PBXContainerItemProxy section */
		AF04A3731CD1C13B00B8B5ED /* PBXContainerItemProxy */ = {
			isa = PBXContainerItemProxy;
			containerPortal = AF04A3571CD1C13A00B8B5ED /* Project object */;
			proxyType = 1;
			remoteGlobalIDString = AF04A35E1CD1C13A00B8B5ED;
			remoteInfo = RepositoryDemo;
		};
		AF04A37E1CD1C13B00B8B5ED /* PBXContainerItemProxy */ = {
			isa = PBXContainerItemProxy;
			containerPortal = AF04A3571CD1C13A00B8B5ED /* Project object */;
			proxyType = 1;
			remoteGlobalIDString = AF04A35E1CD1C13A00B8B5ED;
			remoteInfo = RepositoryDemo;
		};
/* End PBXContainerItemProxy section */

/* Begin PBXFileReference section */
		AF04A35F1CD1C13A00B8B5ED /* RepositoryDemo.app */ = {isa = PBXFileReference; explicitFileType = wrapper.application; includeInIndex = 0; path = RepositoryDemo.app; sourceTree = BUILT_PRODUCTS_DIR; };
		AF04A3631CD1C13A00B8B5ED /* main.m */ = {isa = PBXFileReference; lastKnownFileType = sourcecode.c.objc; path = main.m; sourceTree = "<group>"; };
		AF04A3651CD1C13A00B8B5ED /* AppDelegate.h */ = {isa = PBXFileReference; lastKnownFileType = sourcecode.c.h; path = AppDelegate.h; sourceTree = "<group>"; };
		AF04A3661CD1C13A00B8B5ED /* AppDelegate.m */ = {isa = PBXFileReference; lastKnownFileType = sourcecode.c.objc; path = AppDelegate.m; sourceTree = "<group>"; };
		AF04A3681CD1C13A00B8B5ED /* Assets.xcassets */ = {isa = PBXFileReference; lastKnownFileType = folder.assetcatalog; path = Assets.xcassets; sourceTree = "<group>"; };
		AF04A36B1CD1C13A00B8B5ED /* Base */ = {isa = PBXFileReference; lastKnownFileType = file.storyboard; name = Base; path = Base.lproj/LaunchScreen.storyboard; sourceTree = "<group>"; };
		AF04A36D1CD1C13A00B8B5ED /* Info.plist */ = {isa = PBXFileReference; lastKnownFileType = text.plist.xml; path = Info.plist; sourceTree = "<group>"; };
		AF04A3721CD1C13B00B8B5ED /* RepositoryDemoTests.xctest */ = {isa = PBXFileReference; explicitFileType = wrapper.cfbundle; includeInIndex = 0; path = RepositoryDemoTests.xctest; sourceTree = BUILT_PRODUCTS_DIR; };
		AF04A3761CD1C13B00B8B5ED /* RepositoryDemoTests.m */ = {isa = PBXFileReference; lastKnownFileType = sourcecode.c.objc; path = RepositoryDemoTests.m; sourceTree = "<group>"; };
		AF04A3781CD1C13B00B8B5ED /* Info.plist */ = {isa = PBXFileReference; lastKnownFileType = text.plist.xml; path = Info.plist; sourceTree = "<group>"; };
		AF04A37D1CD1C13B00B8B5ED /* RepositoryDemoUITests.xctest */ = {isa = PBXFileReference; explicitFileType = wrapper.cfbundle; includeInIndex = 0; path = RepositoryDemoUITests.xctest; sourceTree = BUILT_PRODUCTS_DIR; };
		AF04A3811CD1C13B00B8B5ED /* RepositoryDemoUITests.m */ = {isa = PBXFileReference; lastKnownFileType = sourcecode.c.objc; path = RepositoryDemoUITests.m; sourceTree = "<group>"; };
		AF04A3831CD1C13B00B8B5ED /* Info.plist */ = {isa = PBXFileReference; lastKnownFileType = text.plist.xml; path = Info.plist; sourceTree = "<group>"; };
/* End PBXFileReference section */

/* Begin PBXFrameworksBuildPhase section */
		AF04A35C1CD1C13A00B8B5ED /* Frameworks */ = {
			isa = PBXFrameworksBuildPhase;
			buildActionMask = 2147483647;
			files = (
			);
			runOnlyForDeploymentPostprocessing = 0;
		};
		AF04A36F1CD1C13B00B8B5ED /* Frameworks */ = {
			isa = PBXFrameworksBuildPhase;
			buildActionMask = 2147483647;
			files = (
			);
			runOnlyForDeploymentPostprocessing = 0;
		};
		AF04A37A1CD1C13B00B8B5ED /* Frameworks */ = {
			isa = PBXFrameworksBuildPhase;
			buildActionMask = 2147483647;
			files = (
			);
			runOnlyForDeploymentPostprocessing = 0;
		};
/* End PBXFrameworksBuildPhase section */

/* Begin PBXGroup section */
		AF04A3561CD1C13A00B8B5ED = {
			isa = PBXGroup;
			children = (
				AF04A3611CD1C13A00B8B5ED /* RepositoryDemo */,
				AF04A3751CD1C13B00B8B5ED /* RepositoryDemoTests */,
				AF04A3801CD1C13B00B8B5ED /* RepositoryDemoUITests */,
				AF04A3601CD1C13A00B8B5ED /* Products */,
			);
			sourceTree = "<group>";
		};
		AF04A3601CD1C13A00B8B5ED /* Products */ = {
			isa = PBXGroup;
			children = (
				AF04A35F1CD1C13A00B8B5ED /* RepositoryDemo.app */,
				AF04A3721CD1C13B00B8B5ED /* RepositoryDemoTests.xctest */,
				AF04A37D1CD1C13B00B8B5ED /* RepositoryDemoUITests.xctest */,
			);
			name = Products;
			sourceTree = "<group>";
		};
		AF04A3611CD1C13A00B8B5ED /* RepositoryDemo */ = {
			isa = PBXGroup;
			children = (
				AF04A3651CD1C13A00B8B5ED /* AppDelegate.h */,
				AF04A3661CD1C13A00B8B5ED /* AppDelegate.m */,
				AF04A3681CD1C13A00B8B5ED /* Assets.xcassets */,
				AF04A36A1CD1C13A00B8B5ED /* LaunchScreen.storyboard */,
				AF04A36D1CD1C13A00B8B5ED /* Info.plist */,
				AF04A3621CD1C13A00B8B5ED /* Supporting Files */,
			);
			path = RepositoryDemo;
			sourceTree = "<group>";
		};
		AF04A3621CD1C13A00B8B5ED /* Supporting Files */ = {
			isa = PBXGroup;
			children = (
				AF04A3631CD1C13A00B8B5ED /* main.m */,
			);
			name = "Supporting Files";
			sourceTree = "<group>";
		};
		AF04A3751CD1C13B00B8B5ED /* RepositoryDemoTests */ = {
			isa = PBXGroup;
			children = (
				AF04A3761CD1C13B00B8B5ED /* RepositoryDemoTests.m */,
				AF04A3781CD1C13B00B8B5ED /* Info.plist */,
			);
			path = RepositoryDemoTests;
			sourceTree = "<group>";
		};
		AF04A3801CD1C13B00B8B5ED /* RepositoryDemoUITests */ = {
			isa = PBXGroup;
			children = (
				AF04A3811CD1C13B00B8B5ED /* RepositoryDemoUITests.m */,
				AF04A3831CD1C13B00B8B5ED /* Info.plist */,
			);
			path = RepositoryDemoUITests;
			sourceTree = "<group>";
		};
/* End PBXGroup section */

/* Begin PBXNativeTarget section */
		AF04A35E1CD1C13A00B8B5ED /* RepositoryDemo */ = {
			isa = PBXNativeTarget;
			buildConfigurationList = AF04A3861CD1C13B00B8B5ED /* Build configuration list for PBXNativeTarget "RepositoryDemo" */;
			buildPhases = (
				AF04A35B1CD1C13A00B8B5ED /* Sources */,
				AF04A35C1CD1C13A00B8B5ED /* Frameworks */,
				AF04A35D1CD1C13A00B8B5ED /* Resources */,
			);
			buildRules = (
			);
			dependencies = (
			);
			name = RepositoryDemo;
			productName = RepositoryDemo;
			productReference = AF04A35F1CD1C13A00B8B5ED /* RepositoryDemo.app */;
			productType = "com.apple.product-type.application";
		};
		AF04A3711CD1C13B00B8B5ED /* RepositoryDemoTests */ = {
			isa = PBXNativeTarget;
			buildConfigurationList = AF04A3891CD1C13B00B8B5ED /* Build configuration list for PBXNativeTarget "RepositoryDemoTests" */;
			buildPhases = (
				AF04A36E1CD1C13B00B8B5ED /* Sources */,
				AF04A36F1CD1C13B00B8B5ED /* Frameworks */,
				AF04A3701CD1C13B00B8B5ED /* Resources */,
			);
			buildRules = (
			);
			dependencies = (
				AF04A3741CD1C13B00B8B5ED /* PBXTargetDependency */,
			);
			name = RepositoryDemoTests;
			productName = RepositoryDemoTests;
			productReference = AF04A3721CD1C13B00B8B5ED /* RepositoryDemoTests.xctest */;
			productType = "com.apple.product-type.bundle.unit-test";
		};
		AF04A37C1CD1C13B00B8B5ED /* RepositoryDemoUITests */ = {
			isa = PBXNativeTarget;
			buildConfigurationList = AF04A38C1CD1C13B00B8B5ED /* Build configuration list for PBXNativeTarget "RepositoryDemoUITests" */;
			buildPhases = (
				AF04A3791CD1C13B00B8B5ED /* Sources */,
				AF04A37A1CD1C13B00B8B5ED /* Frameworks */,
				AF04A37B1CD1C13B00B8B5ED /* Resources */,
			);
			buildRules = (
			);
			dependencies = (
				AF04A37F1CD1C13B00B8B5ED /* PBXTargetDependency */,
			);
			name = RepositoryDemoUITests;
			productName = RepositoryDemoUITests;
			productReference = AF04A37D1CD1C13B00B8B5ED /* RepositoryDemoUITests.xctest */;
			productType = "com.apple.product-type.bundle.ui-testing";
		};
/* End PBXNativeTarget section */

/* Begin PBXProject section */
		AF04A3571CD1C13A00B8B5ED /* Project object */ = {
			isa = PBXProject;
			attributes = {
				LastUpgradeCheck = 0730;
				ORGANIZATIONNAME = "李雪智";
				TargetAttributes = {
					AF04A35E1CD1C13A00B8B5ED = {
						CreatedOnToolsVersion = 7.3;
					};
					AF04A3711CD1C13B00B8B5ED = {
						CreatedOnToolsVersion = 7.3;
						TestTargetID = AF04A35E1CD1C13A00B8B5ED;
					};
					AF04A37C1CD1C13B00B8B5ED = {
						CreatedOnToolsVersion = 7.3;
						TestTargetID = AF04A35E1CD1C13A00B8B5ED;
					};
				};
			};
			buildConfigurationList = AF04A35A1CD1C13A00B8B5ED /* Build configuration list for PBXProject "RepositoryDemo" */;
			compatibilityVersion = "Xcode 3.2";
			developmentRegion = English;
			hasScannedForEncodings = 0;
			knownRegions = (
				en,
				Base,
			);
			mainGroup = AF04A3561CD1C13A00B8B5ED;
			productRefGroup = AF04A3601CD1C13A00B8B5ED /* Products */;
			projectDirPath = "";
			projectRoot = "";
			targets = (
				AF04A35E1CD1C13A00B8B5ED /* RepositoryDemo */,
				AF04A3711CD1C13B00B8B5ED /* RepositoryDemoTests */,
				AF04A37C1CD1C13B00B8B5ED /* RepositoryDemoUITests */,
			);
		};
/* End PBXProject section */

/* Begin PBXResourcesBuildPhase section */
		AF04A35D1CD1C13A00B8B5ED /* Resources */ = {
			isa = PBXResourcesBuildPhase;
			buildActionMask = 2147483647;
			files = (
				AF04A3691CD1C13A00B8B5ED /* Assets.xcassets in Resources */,
				AF04A36C1CD1C13A00B8B5ED /* LaunchScreen.storyboard in Resources */,
			);
			runOnlyForDeploymentPostprocessing = 0;
		};
		AF04A3701CD1C13B00B8B5ED /* Resources */ = {
			isa = PBXResourcesBuildPhase;
			buildActionMask = 2147483647;
			files = (
			);
			runOnlyForDeploymentPostprocessing = 0;
		};
		AF04A37B1CD1C13B00B8B5ED /* Resources */ = {
			isa = PBXResourcesBuildPhase;
			buildActionMask = 2147483647;
			files = (
			);
			runOnlyForDeploymentPostprocessing = 0;
		};
/* End PBXResourcesBuildPhase section */

/* Begin PBXSourcesBuildPhase section */
		AF04A35B1CD1C13A00B8B5ED /* Sources */ = {
			isa = PBXSourcesBuildPhase;
			buildActionMask = 2147483647;
			files = (
				AF04A3671CD1C13A00B8B5ED /* AppDelegate.m in Sources */,
				AF04A3641CD1C13A00B8B5ED /* main.m in Sources */,
			);
			runOnlyForDeploymentPostprocessing = 0;
		};
		AF04A36E1CD1C13B00B8B5ED /* Sources */ = {
			isa = PBXSourcesBuildPhase;
			buildActionMask = 2147483647;
			files = (
				AF04A3771CD1C13B00B8B5ED /* RepositoryDemoTests.m in Sources */,
			);
			runOnlyForDeploymentPostprocessing = 0;
		};
		AF04A3791CD1C13B00B8B5ED /* Sources */ = {
			isa = PBXSourcesBuildPhase;
			buildActionMask = 2147483647;
			files = (
				AF04A3821CD1C13B00B8B5ED /* RepositoryDemoUITests.m in Sources */,
			);
			runOnlyForDeploymentPostprocessing = 0;
		};
/* End PBXSourcesBuildPhase section */

/* Begin PBXTargetDependency section */
		AF04A3741CD1C13B00B8B5ED /* PBXTargetDependency */ = {
			isa = PBXTargetDependency;
			target = AF04A35E1CD1C13A00B8B5ED /* RepositoryDemo */;
			targetProxy = AF04A3731CD1C13B00B8B5ED /* PBXContainerItemProxy */;
		};
		AF04A37F1CD1C13B00B8B5ED /* PBXTargetDependency */ = {
			isa = PBXTargetDependency;
			target = AF04A35E1CD1C13A00B8B5ED /* RepositoryDemo */;
			targetProxy = AF04A37E1CD1C13B00B8B5ED /* PBXContainerItemProxy */;
		};
/* End PBXTargetDependency section */

/* Begin PBXVariantGroup section */
		AF04A36A1CD1C13A00B8B5ED /* LaunchScreen.storyboard */ = {
			isa = PBXVariantGroup;
			children = (
				AF04A36B1CD1C13A00B8B5ED /* Base */,
			);
			name = LaunchScreen.storyboard;
			sourceTree = "<group>";
		};
/* End PBXVariantGroup section */

/* Begin XCBuildConfiguration section */
		AF04A3841CD1C13B00B8B5ED /* Debug */ = {
			isa = XCBuildConfiguration;
			buildSettings = {
				ALWAYS_SEARCH_USER_PATHS = NO;
				CLANG_ANALYZER_NONNULL = YES;
				CLANG_CXX_LANGUAGE_STANDARD = "gnu++0x";
				CLANG_CXX_LIBRARY = "libc++";
				CLANG_ENABLE_MODULES = YES;
				CLANG_ENABLE_OBJC_ARC = YES;
				CLANG_WARN_BOOL_CONVERSION = YES;
				CLANG_WARN_CONSTANT_CONVERSION = YES;
				CLANG_WARN_DIRECT_OBJC_ISA_USAGE = YES_ERROR;
				CLANG_WARN_EMPTY_BODY = YES;
				CLANG_WARN_ENUM_CONVERSION = YES;
				CLANG_WARN_INT_CONVERSION = YES;
				CLANG_WARN_OBJC_ROOT_CLASS = YES_ERROR;
				CLANG_WARN_UNREACHABLE_CODE = YES;
				CLANG_WARN__DUPLICATE_METHOD_MATCH = YES;
				"CODE_SIGN_IDENTITY[sdk=iphoneos*]" = "iPhone Developer";
				COPY_PHASE_STRIP = NO;
				DEBUG_INFORMATION_FORMAT = dwarf;
				ENABLE_STRICT_OBJC_MSGSEND = YES;
				ENABLE_TESTABILITY = YES;
				GCC_C_LANGUAGE_STANDARD = gnu99;
				GCC_DYNAMIC_NO_PIC = NO;
				GCC_NO_COMMON_BLOCKS = YES;
				GCC_OPTIMIZATION_LEVEL = 0;
				GCC_PREPROCESSOR_DEFINITIONS = (
					"DEBUG=1",
					"$(inherited)",
				);
				GCC_WARN_64_TO_32_BIT_CONVERSION = YES;
				GCC_WARN_ABOUT_RETURN_TYPE = YES_ERROR;
				GCC_WARN_UNDECLARED_SELECTOR = YES;
				GCC_WARN_UNINITIALIZED_AUTOS = YES_AGGRESSIVE;
				GCC_WARN_UNUSED_FUNCTION = YES;
				GCC_WARN_UNUSED_VARIABLE = YES;
				IPHONEOS_DEPLOYMENT_TARGET = 9.3;
				MTL_ENABLE_DEBUG_INFO = YES;
				ONLY_ACTIVE_ARCH = YES;
				SDKROOT = iphoneos;
				TARGETED_DEVICE_FAMILY = "1,2";
			};
			name = Debug;
		};
		AF04A3851CD1C13B00B8B5ED /* Release */ = {
			isa = XCBuildConfiguration;
			buildSettings = {
				ALWAYS_SEARCH_USER_PATHS = NO;
				CLANG_ANALYZER_NONNULL = YES;
				CLANG_CXX_LANGUAGE_STANDARD = "gnu++0x";
				CLANG_CXX_LIBRARY = "libc++";
				CLANG_ENABLE_MODULES = YES;
				CLANG_ENABLE_OBJC_ARC = YES;
				CLANG_WARN_BOOL_CONVERSION = YES;
				CLANG_WARN_CONSTANT_CONVERSION = YES;
				CLANG_WARN_DIRECT_OBJC_ISA_USAGE = YES_ERROR;
				CLANG_WARN_EMPTY_BODY = YES;
				CLANG_WARN_ENUM_CONVERSION = YES;
				CLANG_WARN_INT_CONVERSION = YES;
				CLANG_WARN_OBJC_ROOT_CLASS = YES_ERROR;
				CLANG_WARN_UNREACHABLE_CODE = YES;
				CLANG_WARN__DUPLICATE_METHOD_MATCH = YES;
				"CODE_SIGN_IDENTITY[sdk=iphoneos*]" = "iPhone Developer";
				COPY_PHASE_STRIP = NO;
				DEBUG_INFORMATION_FORMAT = "dwarf-with-dsym";
				ENABLE_NS_ASSERTIONS = NO;
				ENABLE_STRICT_OBJC_MSGSEND = YES;
				GCC_C_LANGUAGE_STANDARD = gnu99;
				GCC_NO_COMMON_BLOCKS = YES;
				GCC_WARN_64_TO_32_BIT_CONVERSION = YES;
				GCC_WARN_ABOUT_RETURN_TYPE = YES_ERROR;
				GCC_WARN_UNDECLARED_SELECTOR = YES;
				GCC_WARN_UNINITIALIZED_AUTOS = YES_AGGRESSIVE;
				GCC_WARN_UNUSED_FUNCTION = YES;
				GCC_WARN_UNUSED_VARIABLE = YES;
				IPHONEOS_DEPLOYMENT_TARGET = 9.3;
				MTL_ENABLE_DEBUG_INFO = NO;
				SDKROOT = iphoneos;
				TARGETED_DEVICE_FAMILY = "1,2";
				VALIDATE_PRODUCT = YES;
			};
			name = Release;
		};
		AF04A3871CD1C13B00B8B5ED /* Debug */ = {
			isa = XCBuildConfiguration;
			buildSettings = {
				ASSETCATALOG_COMPILER_APPICON_NAME = AppIcon;
				INFOPLIST_FILE = RepositoryDemo/Info.plist;
				LD_RUNPATH_SEARCH_PATHS = "$(inherited) @executable_path/Frameworks";
				PRODUCT_BUNDLE_IDENTIFIER = lixuezhi.RepositoryDemo;
				PRODUCT_NAME = "$(TARGET_NAME)";
			};
			name = Debug;
		};
		AF04A3881CD1C13B00B8B5ED /* Release */ = {
			isa = XCBuildConfiguration;
			buildSettings = {
				ASSETCATALOG_COMPILER_APPICON_NAME = AppIcon;
				INFOPLIST_FILE = RepositoryDemo/Info.plist;
				LD_RUNPATH_SEARCH_PATHS = "$(inherited) @executable_path/Frameworks";
				PRODUCT_BUNDLE_IDENTIFIER = lixuezhi.RepositoryDemo;
				PRODUCT_NAME = "$(TARGET_NAME)";
			};
			name = Release;
		};
		AF04A38A1CD1C13B00B8B5ED /* Debug */ = {
			isa = XCBuildConfiguration;
			buildSettings = {
				BUNDLE_LOADER = "$(TEST_HOST)";
				INFOPLIST_FILE = RepositoryDemoTests/Info.plist;
				LD_RUNPATH_SEARCH_PATHS = "$(inherited) @executable_path/Frameworks @loader_path/Frameworks";
				PRODUCT_BUNDLE_IDENTIFIER = lixuezhi.RepositoryDemoTests;
				PRODUCT_NAME = "$(TARGET_NAME)";
				TEST_HOST = "$(BUILT_PRODUCTS_DIR)/RepositoryDemo.app/RepositoryDemo";
			};
			name = Debug;
		};
		AF04A38B1CD1C13B00B8B5ED /* Release */ = {
			isa = XCBuildConfiguration;
			buildSettings = {
				BUNDLE_LOADER = "$(TEST_HOST)";
				INFOPLIST_FILE = RepositoryDemoTests/Info.plist;
				LD_RUNPATH_SEARCH_PATHS = "$(inherited) @executable_path/Frameworks @loader_path/Frameworks";
				PRODUCT_BUNDLE_IDENTIFIER = lixuezhi.RepositoryDemoTests;
				PRODUCT_NAME = "$(TARGET_NAME)";
				TEST_HOST = "$(BUILT_PRODUCTS_DIR)/RepositoryDemo.app/RepositoryDemo";
			};
			name = Release;
		};
		AF04A38D1CD1C13B00B8B5ED /* Debug */ = {
			isa = XCBuildConfiguration;
			buildSettings = {
				INFOPLIST_FILE = RepositoryDemoUITests/Info.plist;
				LD_RUNPATH_SEARCH_PATHS = "$(inherited) @executable_path/Frameworks @loader_path/Frameworks";
				PRODUCT_BUNDLE_IDENTIFIER = lixuezhi.RepositoryDemoUITests;
				PRODUCT_NAME = "$(TARGET_NAME)";
				TEST_TARGET_NAME = RepositoryDemo;
			};
			name = Debug;
		};
		AF04A38E1CD1C13B00B8B5ED /* Release */ = {
			isa = XCBuildConfiguration;
			buildSettings = {
				INFOPLIST_FILE = RepositoryDemoUITests/Info.plist;
				LD_RUNPATH_SEARCH_PATHS = "$(inherited) @executable_path/Frameworks @loader_path/Frameworks";
				PRODUCT_BUNDLE_IDENTIFIER = lixuezhi.RepositoryDemoUITests;
				PRODUCT_NAME = "$(TARGET_NAME)";
				TEST_TARGET_NAME = RepositoryDemo;
			};
			name = Release;
		};
/* End XCBuildConfiguration section */

/* Begin XCConfigurationList section */
		AF04A35A1CD1C13A00B8B5ED /* Build configuration list for PBXProject "RepositoryDemo" */ = {
			isa = XCConfigurationList;
			buildConfigurations = (
				AF04A3841CD1C13B00B8B5ED /* Debug */,
				AF04A3851CD1C13B00B8B5ED /* Release */,
			);
			defaultConfigurationIsVisible = 0;
			defaultConfigurationName = Release;
		};
		AF04A3861CD1C13B00B8B5ED /* Build configuration list for PBXNativeTarget "RepositoryDemo" */ = {
			isa = XCConfigurationList;
			buildConfigurations = (
				AF04A3871CD1C13B00B8B5ED /* Debug */,
				AF04A3881CD1C13B00B8B5ED /* Release */,
			);
			defaultConfigurationIsVisible = 0;
		};
		AF04A3891CD1C13B00B8B5ED /* Build configuration list for PBXNativeTarget "RepositoryDemoTests" */ = {
			isa = XCConfigurationList;
			buildConfigurations = (
				AF04A38A1CD1C13B00B8B5ED /* Debug */,
				AF04A38B1CD1C13B00B8B5ED /* Release */,
			);
			defaultConfigurationIsVisible = 0;
		};
		AF04A38C1CD1C13B00B8B5ED /* Build configuration list for PBXNativeTarget "RepositoryDemoUITests" */ = {
			isa = XCConfigurationList;
			buildConfigurations = (
				AF04A38D1CD1C13B00B8B5ED /* Debug */,
				AF04A38E1CD1C13B00B8B5ED /* Release */,
			);
			defaultConfigurationIsVisible = 0;
		};
/* End XCConfigurationList section */
	};
	rootObject = AF04A3571CD1C13A00B8B5ED /* Project object */;
}
